
Microsoft Visual Studio Solution File, Format Version 12.00
# Visual Studio Version 16
VisualStudioVersion = 16.0.31005.135
MinimumVisualStudioVersion = 10.0.40219.1
Project("{E24C65DC-7377-472B-9ABA-BC803B73C61A}") = "MrCleanService", "MrCleanService\", "{F631DED8-CC6E-4739-807E-7B152DA759D0}"
	ProjectSection(WebsiteProperties) = preProject
		TargetFrameworkMoniker = ".NETFramework,Version%3Dv4.7.2"
		Debug.AspNetCompiler.VirtualPath = "/localhost_54154"
		Debug.AspNetCompiler.PhysicalPath = "MrCleanService\"
		Debug.AspNetCompiler.TargetPath = "PrecompiledWeb\localhost_54154\"
		Debug.AspNetCompiler.Updateable = "true"
		Debug.AspNetCompiler.ForceOverwrite = "true"
		Debug.AspNetCompiler.FixedNames = "false"
		Debug.AspNetCompiler.Debug = "True"
		Release.AspNetCompiler.VirtualPath = "/localhost_54154"
		Release.AspNetCompiler.PhysicalPath = "MrCleanService\"
		Release.AspNetCompiler.TargetPath = "PrecompiledWeb\localhost_54154\"
		Release.AspNetCompiler.Updateable = "true"
		Release.AspNetCompiler.ForceOverwrite = "true"
		Release.AspNetCompiler.FixedNames = "false"
		Release.AspNetCompiler.Debug = "False"
		VWDPort = "54154"
		DefaultWebSiteLanguage = "Visual C#"
	EndProjectSection
EndProject
Global
	GlobalSection(SolutionConfigurationPlatforms) = preSolution
		Debug|Any CPU = Debug|Any CPU
	EndGlobalSection
	GlobalSection(ProjectConfigurationPlatforms) = postSolution
		{F631DED8-CC6E-4739-807E-7B152DA759D0}.Debug|Any CPU.ActiveCfg = Debug|Any CPU
		{F631DED8-CC6E-4739-807E-7B152DA759D0}.Debug|Any CPU.Build.0 = Debug|Any CPU
	EndGlobalSection
	GlobalSection(SolutionProperties) = preSolution
		HideSolutionNode = FALSE
	EndGlobalSection
	GlobalSection(ExtensibilityGlobals) = postSolution
		SolutionGuid = {2DF65A60-BA87-41FE-9F36-A0771903011C}
	EndGlobalSection
EndGlobal
